<?xml version="1.0" encoding="utf-8"?>
<Project ToolsVersion="4.0" xmlns="http://schemas.microsoft.com/developer/msbuild/2003">
  <ItemGroup>
    <Filter Include="ソース ファイル">
      <UniqueIdentifier>{4FC737F1-C7A5-4376-A066-2A32D752A2FF}</UniqueIdentifier>
      <Extensions>cpp;c;cc;cxx;c++;cppm;ixx;def;odl;idl;hpj;bat;asm;asmx</Extensions>
    </Filter>
    <Filter Include="ヘッダー ファイル">
      <UniqueIdentifier>{93995380-89BD-4b04-88EB-625FBE52EBFB}</UniqueIdentifier>
      <Extensions>h;hh;hpp;hxx;h++;hm;inl;inc;ipp;xsd</Extensions>
    </Filter>
    <Filter Include="リソース ファイル">
      <UniqueIdentifier>{67DA6AB6-F800-4c08-8B7A-83BB121AAD01}</UniqueIdentifier>
      <Extensions>rc;ico;cur;bmp;dlg;rc2;rct;bin;rgs;gif;jpg;jpeg;jpe;resx;tiff;tif;png;wav;mfcribbon-ms</Extensions>
    </Filter>
    <Filter Include="ソース ファイル\System">
      <UniqueIdentifier>{a6983e1b-9b63-45a7-bb9e-2dbe493df23b}</UniqueIdentifier>
    </Filter>
    <Filter Include="ヘッダー ファイル\System">
      <UniqueIdentifier>{97dbec09-ebf0-425d-aedf-29db84b6ff37}</UniqueIdentifier>
    </Filter>
    <Filter Include="ソース ファイル\System\Imgui">
      <UniqueIdentifier>{0f12d614-c706-4526-9b96-dd7cda67b88e}</UniqueIdentifier>
    </Filter>
    <Filter Include="ヘッダー ファイル\System\Imgui">
      <UniqueIdentifier>{4389ecc2-e219-488d-b0dc-720efea9fd38}</UniqueIdentifier>
    </Filter>
  </ItemGroup>
  <ItemGroup>
    <ClCompile Include="Application.cpp">
      <Filter>ソース ファイル</Filter>
    </ClCompile>
    <ClCompile Include="game.cpp">
      <Filter>ソース ファイル</Filter>
    </ClCompile>
    <ClCompile Include="main.cpp">
      <Filter>ソース ファイル</Filter>
    </ClCompile>
    <ClCompile Include="system\renderer.cpp">
      <Filter>ソース ファイル\System</Filter>
    </ClCompile>
    <ClCompile Include="system\imgui\imgui.cpp">
      <Filter>ソース ファイル\System\Imgui</Filter>
    </ClCompile>
    <ClCompile Include="system\imgui\imgui_demo.cpp">
      <Filter>ソース ファイル\System\Imgui</Filter>
    </ClCompile>
    <ClCompile Include="system\imgui\imgui_draw.cpp">
      <Filter>ソース ファイル\System\Imgui</Filter>
    </ClCompile>
    <ClCompile Include="system\imgui\imgui_impl_dx11.cpp">
      <Filter>ソース ファイル\System\Imgui</Filter>
    </ClCompile>
    <ClCompile Include="system\imgui\imgui_impl_win32.cpp">
      <Filter>ソース ファイル\System\Imgui</Filter>
    </ClCompile>
    <ClCompile Include="system\imgui\imgui_tables.cpp">
      <Filter>ソース ファイル\System\Imgui</Filter>
    </ClCompile>
    <ClCompile Include="system\imgui\imgui_widgets.cpp">
      <Filter>ソース ファイル\System\Imgui</Filter>
    </ClCompile>
  </ItemGroup>
  <ItemGroup>
    <ClInclude Include="Application.h">
      <Filter>ヘッダー ファイル</Filter>
    </ClInclude>
    <ClInclude Include="fpscontrol.h">
      <Filter>ヘッダー ファイル</Filter>
    </ClInclude>
    <ClInclude Include="main.h">
      <Filter>ヘッダー ファイル</Filter>
    </ClInclude>
    <ClInclude Include="game.h">
      <Filter>ヘッダー ファイル</Filter>
    </ClInclude>
    <ClInclude Include="system\commontypes.h">
      <Filter>ヘッダー ファイル\System</Filter>
    </ClInclude>
    <ClInclude Include="system\noncopyable.h">
      <Filter>ヘッダー ファイル\System</Filter>
    </ClInclude>
    <ClInclude Include="system\renderer.h">
      <Filter>ヘッダー ファイル\System</Filter>
    </ClInclude>
    <ClInclude Include="system\transform.h">
      <Filter>ヘッダー ファイル\System</Filter>
    </ClInclude>
    <ClInclude Include="system\imgui\imconfig.h">
      <Filter>ヘッダー ファイル\System\Imgui</Filter>
    </ClInclude>
    <ClInclude Include="system\imgui\imgui.h">
      <Filter>ヘッダー ファイル\System\Imgui</Filter>
    </ClInclude>
    <ClInclude Include="system\imgui\imgui_impl_dx11.h">
      <Filter>ヘッダー ファイル\System\Imgui</Filter>
    </ClInclude>
    <ClInclude Include="system\imgui\imgui_impl_win32.h">
      <Filter>ヘッダー ファイル\System\Imgui</Filter>
    </ClInclude>
    <ClInclude Include="system\imgui\imgui_internal.h">
      <Filter>ヘッダー ファイル\System\Imgui</Filter>
    </ClInclude>
    <ClInclude Include="system\imgui\imstb_rectpack.h">
      <Filter>ヘッダー ファイル\System\Imgui</Filter>
    </ClInclude>
    <ClInclude Include="system\imgui\imstb_textedit.h">
      <Filter>ヘッダー ファイル\System\Imgui</Filter>
    </ClInclude>
    <ClInclude Include="system\imgui\imstb_truetype.h">
      <Filter>ヘッダー ファイル\System\Imgui</Filter>
    </ClInclude>
  </ItemGroup>
</Project>